// !$*UTF8*$!
{
	archiveVersion = 1;
	classes = {
	};
	objectVersion = 56;
	objects = {

/* Begin PBXBuildFile section */
		394258442A62FB4E0070D956 /* BottomSheetViewController.swift in Sources */ = {isa = PBXBuildFile; fileRef = 394258432A62FB4E0070D956 /* BottomSheetViewController.swift */; };
		3974CC6D2A683EBD00233F27 /* Then in Frameworks */ = {isa = PBXBuildFile; productRef = 3974CC6C2A683EBD00233F27 /* Then */; };
		3974CC842A6D72E900233F27 /* TabBarViewController.swift in Sources */ = {isa = PBXBuildFile; fileRef = 3974CC832A6D72E900233F27 /* TabBarViewController.swift */; };
		3974CC7B2A6D39C200233F27 /* FromToColor.swift in Sources */ = {isa = PBXBuildFile; fileRef = 3974CC7A2A6D39C200233F27 /* FromToColor.swift */; };
		3974CC862A6FE5F900233F27 /* BaseViewController.swift in Sources */ = {isa = PBXBuildFile; fileRef = 3974CC852A6FE5F900233F27 /* BaseViewController.swift */; };
		3974CC892A6FE99200233F27 /* SnapKit in Frameworks */ = {isa = PBXBuildFile; productRef = 3974CC882A6FE99200233F27 /* SnapKit */; };
		C0E3731A2A26322F001D0BF5 /* APIEndpoints.swift in Sources */ = {isa = PBXBuildFile; fileRef = C0E3729F2A26322E001D0BF5 /* APIEndpoints.swift */; };
		C0E3731B2A26322F001D0BF5 /* MoviesResponseDTO+Mapping.swift in Sources */ = {isa = PBXBuildFile; fileRef = C0E372A12A26322E001D0BF5 /* MoviesResponseDTO+Mapping.swift */; };
		C0E3731C2A26322F001D0BF5 /* MoviesRequestDTO+Mapping.swift in Sources */ = {isa = PBXBuildFile; fileRef = C0E372A22A26322E001D0BF5 /* MoviesRequestDTO+Mapping.swift */; };
		C0E3731D2A26322F001D0BF5 /* RepositoryTask.swift in Sources */ = {isa = PBXBuildFile; fileRef = C0E372A52A26322E001D0BF5 /* RepositoryTask.swift */; };
		C0E3731E2A26322F001D0BF5 /* DefaultPosterImagesRepository.swift in Sources */ = {isa = PBXBuildFile; fileRef = C0E372A62A26322E001D0BF5 /* DefaultPosterImagesRepository.swift */; };
		C0E3731F2A26322F001D0BF5 /* DefaultMoviesQueriesRepository.swift in Sources */ = {isa = PBXBuildFile; fileRef = C0E372A72A26322E001D0BF5 /* DefaultMoviesQueriesRepository.swift */; };
		C0E373202A26322F001D0BF5 /* DefaultMoviesRepository.swift in Sources */ = {isa = PBXBuildFile; fileRef = C0E372A82A26322E001D0BF5 /* DefaultMoviesRepository.swift */; };
		C0E373212A26322F001D0BF5 /* MoviesResponseEntity+Mapping.swift in Sources */ = {isa = PBXBuildFile; fileRef = C0E372AC2A26322E001D0BF5 /* MoviesResponseEntity+Mapping.swift */; };
		C0E373222A26322F001D0BF5 /* MoviesResponseStorage.swift in Sources */ = {isa = PBXBuildFile; fileRef = C0E372AD2A26322E001D0BF5 /* MoviesResponseStorage.swift */; };
		C0E373232A26322F001D0BF5 /* CoreDataMoviesResponseStorage.swift in Sources */ = {isa = PBXBuildFile; fileRef = C0E372AE2A26322E001D0BF5 /* CoreDataMoviesResponseStorage.swift */; };
		C0E373242A26322F001D0BF5 /* CoreDataStorage.xcdatamodeld in Sources */ = {isa = PBXBuildFile; fileRef = C0E372B02A26322E001D0BF5 /* CoreDataStorage.xcdatamodeld */; };
		C0E373252A26322F001D0BF5 /* CoreDataStorage.swift in Sources */ = {isa = PBXBuildFile; fileRef = C0E372B32A26322E001D0BF5 /* CoreDataStorage.swift */; };
		C0E373262A26322F001D0BF5 /* MovieQueryUDS+Mapping.swift in Sources */ = {isa = PBXBuildFile; fileRef = C0E372B72A26322E001D0BF5 /* MovieQueryUDS+Mapping.swift */; };
		C0E373272A26322F001D0BF5 /* UserDefaultsMoviesQueriesStorage.swift in Sources */ = {isa = PBXBuildFile; fileRef = C0E372B82A26322E001D0BF5 /* UserDefaultsMoviesQueriesStorage.swift */; };
		C0E373282A26322F001D0BF5 /* MovieQueryEntity+Mapping.swift in Sources */ = {isa = PBXBuildFile; fileRef = C0E372BB2A26322E001D0BF5 /* MovieQueryEntity+Mapping.swift */; };
		C0E373292A26322F001D0BF5 /* CoreDataMoviesQueriesStorage.swift in Sources */ = {isa = PBXBuildFile; fileRef = C0E372BC2A26322E001D0BF5 /* CoreDataMoviesQueriesStorage.swift */; };
		C0E3732A2A26322F001D0BF5 /* MoviesQueriesStorage.swift in Sources */ = {isa = PBXBuildFile; fileRef = C0E372BD2A26322E001D0BF5 /* MoviesQueriesStorage.swift */; };
		C0E3732B2A26322F001D0BF5 /* BlackStyleNavigationBarBehavior.swift in Sources */ = {isa = PBXBuildFile; fileRef = C0E372C12A26322E001D0BF5 /* BlackStyleNavigationBarBehavior.swift */; };
		C0E3732C2A26322F001D0BF5 /* BackButtonEmptyTitleNavigationBarBehavior.swift in Sources */ = {isa = PBXBuildFile; fileRef = C0E372C22A26322E001D0BF5 /* BackButtonEmptyTitleNavigationBarBehavior.swift */; };
		C0E3732D2A26322F001D0BF5 /* MoviesQueryListViewModel.swift in Sources */ = {isa = PBXBuildFile; fileRef = C0E372C52A26322E001D0BF5 /* MoviesQueryListViewModel.swift */; };
		C0E3732E2A26322F001D0BF5 /* MoviesQueryListItemViewModel.swift in Sources */ = {isa = PBXBuildFile; fileRef = C0E372C62A26322E001D0BF5 /* MoviesQueryListItemViewModel.swift */; };
		C0E3732F2A26322F001D0BF5 /* MoviesQueriesItemCell.swift in Sources */ = {isa = PBXBuildFile; fileRef = C0E372CA2A26322E001D0BF5 /* MoviesQueriesItemCell.swift */; };
		C0E373302A26322F001D0BF5 /* MoviesQueriesTableViewController.swift in Sources */ = {isa = PBXBuildFile; fileRef = C0E372CB2A26322E001D0BF5 /* MoviesQueriesTableViewController.swift */; };
		C0E373312A26322F001D0BF5 /* MoviesQueriesTableViewController.storyboard in Resources */ = {isa = PBXBuildFile; fileRef = C0E372CC2A26322E001D0BF5 /* MoviesQueriesTableViewController.storyboard */; };
		C0E373322A26322F001D0BF5 /* MoviesQueryListView.swift in Sources */ = {isa = PBXBuildFile; fileRef = C0E372CE2A26322E001D0BF5 /* MoviesQueryListView.swift */; };
		C0E373332A26322F001D0BF5 /* MovieDetailsViewModel.swift in Sources */ = {isa = PBXBuildFile; fileRef = C0E372D12A26322E001D0BF5 /* MovieDetailsViewModel.swift */; };
		C0E373342A26322F001D0BF5 /* MovieDetailsViewController.swift in Sources */ = {isa = PBXBuildFile; fileRef = C0E372D32A26322E001D0BF5 /* MovieDetailsViewController.swift */; };
		C0E373352A26322F001D0BF5 /* MovieDetailsViewController.storyboard in Resources */ = {isa = PBXBuildFile; fileRef = C0E372D42A26322E001D0BF5 /* MovieDetailsViewController.storyboard */; };
		C0E373362A26322F001D0BF5 /* MoviesSearchFlowCoordinator.swift in Sources */ = {isa = PBXBuildFile; fileRef = C0E372D62A26322E001D0BF5 /* MoviesSearchFlowCoordinator.swift */; };
		C0E373372A26322F001D0BF5 /* MoviesListViewModel.swift in Sources */ = {isa = PBXBuildFile; fileRef = C0E372D92A26322E001D0BF5 /* MoviesListViewModel.swift */; };
		C0E373382A26322F001D0BF5 /* MoviesListItemViewModel.swift in Sources */ = {isa = PBXBuildFile; fileRef = C0E372DA2A26322E001D0BF5 /* MoviesListItemViewModel.swift */; };
		C0E373392A26322F001D0BF5 /* MoviesListViewController.storyboard in Resources */ = {isa = PBXBuildFile; fileRef = C0E372DC2A26322E001D0BF5 /* MoviesListViewController.storyboard */; };
		C0E3733A2A26322F001D0BF5 /* MoviesListItemCell.swift in Sources */ = {isa = PBXBuildFile; fileRef = C0E372DF2A26322E001D0BF5 /* MoviesListItemCell.swift */; };
		C0E3733B2A26322F001D0BF5 /* MoviesListTableViewController.swift in Sources */ = {isa = PBXBuildFile; fileRef = C0E372E02A26322E001D0BF5 /* MoviesListTableViewController.swift */; };
		C0E3733C2A26322F001D0BF5 /* MoviesListViewController.swift in Sources */ = {isa = PBXBuildFile; fileRef = C0E372E12A26322E001D0BF5 /* MoviesListViewController.swift */; };
		C0E3733D2A26322F001D0BF5 /* AccessibilityIdentifier.swift in Sources */ = {isa = PBXBuildFile; fileRef = C0E372E32A26322E001D0BF5 /* AccessibilityIdentifier.swift */; };
		C0E3733E2A26322F001D0BF5 /* CGSize+ScaledSize.swift in Sources */ = {isa = PBXBuildFile; fileRef = C0E372E52A26322E001D0BF5 /* CGSize+ScaledSize.swift */; };
		C0E3733F2A26322F001D0BF5 /* UIViewController+AddChild.swift in Sources */ = {isa = PBXBuildFile; fileRef = C0E372E62A26322E001D0BF5 /* UIViewController+AddChild.swift */; };
		C0E373402A26322F001D0BF5 /* DataTransferError+ConnectionError.swift in Sources */ = {isa = PBXBuildFile; fileRef = C0E372E72A26322E001D0BF5 /* DataTransferError+ConnectionError.swift */; };
		C0E373412A26322F001D0BF5 /* UIViewController+AddBehaviors.swift in Sources */ = {isa = PBXBuildFile; fileRef = C0E372E82A26322E001D0BF5 /* UIViewController+AddBehaviors.swift */; };
		C0E373422A26322F001D0BF5 /* UIViewController+ActivityIndicator.swift in Sources */ = {isa = PBXBuildFile; fileRef = C0E372E92A26322E001D0BF5 /* UIViewController+ActivityIndicator.swift */; };
		C0E373432A26322F001D0BF5 /* UIImageView+ImageSizeAfterAspectFit.swift in Sources */ = {isa = PBXBuildFile; fileRef = C0E372EA2A26322E001D0BF5 /* UIImageView+ImageSizeAfterAspectFit.swift */; };
		C0E373442A26322F001D0BF5 /* Observable.swift in Sources */ = {isa = PBXBuildFile; fileRef = C0E372EB2A26322E001D0BF5 /* Observable.swift */; };
		C0E373452A26322F001D0BF5 /* Alertable.swift in Sources */ = {isa = PBXBuildFile; fileRef = C0E372ED2A26322E001D0BF5 /* Alertable.swift */; };
		C0E373462A26322F001D0BF5 /* StoryboardInstantiable.swift in Sources */ = {isa = PBXBuildFile; fileRef = C0E372EE2A26322E001D0BF5 /* StoryboardInstantiable.swift */; };
		C0E373472A26322F001D0BF5 /* LoadingView.swift in Sources */ = {isa = PBXBuildFile; fileRef = C0E372EF2A26322E001D0BF5 /* LoadingView.swift */; };
		C0E373482A26322F001D0BF5 /* DataTransferService.swift in Sources */ = {isa = PBXBuildFile; fileRef = C0E372F22A26322F001D0BF5 /* DataTransferService.swift */; };
		C0E373492A26322F001D0BF5 /* NetworkService.swift in Sources */ = {isa = PBXBuildFile; fileRef = C0E372F32A26322F001D0BF5 /* NetworkService.swift */; };
		C0E3734A2A26322F001D0BF5 /* Endpoint.swift in Sources */ = {isa = PBXBuildFile; fileRef = C0E372F42A26322F001D0BF5 /* Endpoint.swift */; };
		C0E3734B2A26322F001D0BF5 /* NetworkConfig.swift in Sources */ = {isa = PBXBuildFile; fileRef = C0E372F52A26322F001D0BF5 /* NetworkConfig.swift */; };
		C0E3734C2A26322F001D0BF5 /* Localizable.strings in Resources */ = {isa = PBXBuildFile; fileRef = C0E372F72A26322F001D0BF5 /* Localizable.strings */; };
		C0E3734E2A26322F001D0BF5 /* Assets.xcassets in Resources */ = {isa = PBXBuildFile; fileRef = C0E372FC2A26322F001D0BF5 /* Assets.xcassets */; };
		C0E3734F2A26322F001D0BF5 /* LaunchScreen.storyboard in Resources */ = {isa = PBXBuildFile; fileRef = C0E372FD2A26322F001D0BF5 /* LaunchScreen.storyboard */; };
		C0E373512A26322F001D0BF5 /* AppFlowCoordinator.swift in Sources */ = {isa = PBXBuildFile; fileRef = C0E373012A26322F001D0BF5 /* AppFlowCoordinator.swift */; };
		C0E373522A26322F001D0BF5 /* AppAppearance.swift in Sources */ = {isa = PBXBuildFile; fileRef = C0E373022A26322F001D0BF5 /* AppAppearance.swift */; };
		C0E373532A26322F001D0BF5 /* AppConfigurations.swift in Sources */ = {isa = PBXBuildFile; fileRef = C0E373032A26322F001D0BF5 /* AppConfigurations.swift */; };
		C0E373542A26322F001D0BF5 /* MoviesSceneDIContainer.swift in Sources */ = {isa = PBXBuildFile; fileRef = C0E373052A26322F001D0BF5 /* MoviesSceneDIContainer.swift */; };
		C0E373552A26322F001D0BF5 /* AppDIContainer.swift in Sources */ = {isa = PBXBuildFile; fileRef = C0E373062A26322F001D0BF5 /* AppDIContainer.swift */; };
		C0E373562A26322F001D0BF5 /* AppDelegate.swift in Sources */ = {isa = PBXBuildFile; fileRef = C0E373072A26322F001D0BF5 /* AppDelegate.swift */; };
		C0E373572A26322F001D0BF5 /* DispatchQueueType.swift in Sources */ = {isa = PBXBuildFile; fileRef = C0E373092A26322F001D0BF5 /* DispatchQueueType.swift */; };
		C0E373582A26322F001D0BF5 /* ConnectionError.swift in Sources */ = {isa = PBXBuildFile; fileRef = C0E3730A2A26322F001D0BF5 /* ConnectionError.swift */; };
		C0E373592A26322F001D0BF5 /* Cancellable.swift in Sources */ = {isa = PBXBuildFile; fileRef = C0E3730B2A26322F001D0BF5 /* Cancellable.swift */; };
		C0E3735A2A26322F001D0BF5 /* FetchRecentMovieQueriesUseCase.swift in Sources */ = {isa = PBXBuildFile; fileRef = C0E3730E2A26322F001D0BF5 /* FetchRecentMovieQueriesUseCase.swift */; };
		C0E3735B2A26322F001D0BF5 /* UseCase.swift in Sources */ = {isa = PBXBuildFile; fileRef = C0E373102A26322F001D0BF5 /* UseCase.swift */; };
		C0E3735C2A26322F001D0BF5 /* SearchMoviesUseCase.swift in Sources */ = {isa = PBXBuildFile; fileRef = C0E373112A26322F001D0BF5 /* SearchMoviesUseCase.swift */; };
		C0E3735D2A26322F001D0BF5 /* Movie.swift in Sources */ = {isa = PBXBuildFile; fileRef = C0E373132A26322F001D0BF5 /* Movie.swift */; };
		C0E3735E2A26322F001D0BF5 /* MovieQuery.swift in Sources */ = {isa = PBXBuildFile; fileRef = C0E373142A26322F001D0BF5 /* MovieQuery.swift */; };
		C0E3735F2A26322F001D0BF5 /* MoviesRepository.swift in Sources */ = {isa = PBXBuildFile; fileRef = C0E373172A26322F001D0BF5 /* MoviesRepository.swift */; };
		C0E373602A26322F001D0BF5 /* MoviesQueriesRepository.swift in Sources */ = {isa = PBXBuildFile; fileRef = C0E373182A26322F001D0BF5 /* MoviesQueriesRepository.swift */; };
		C0E373612A26322F001D0BF5 /* PosterImagesRepository.swift in Sources */ = {isa = PBXBuildFile; fileRef = C0E373192A26322F001D0BF5 /* PosterImagesRepository.swift */; };
/* End PBXBuildFile section */

/* Begin PBXFileReference section */
		394258432A62FB4E0070D956 /* BottomSheetViewController.swift */ = {isa = PBXFileReference; lastKnownFileType = sourcecode.swift; path = BottomSheetViewController.swift; sourceTree = "<group>"; };
		3974CC832A6D72E900233F27 /* TabBarViewController.swift */ = {isa = PBXFileReference; lastKnownFileType = sourcecode.swift; path = TabBarViewController.swift; sourceTree = "<group>"; };
		C0E372862A26320F001D0BF5 /* fromto.app */ = {isa = PBXFileReference; explicitFileType = wrapper.application; includeInIndex = 0; path = fromto.app; sourceTree = BUILT_PRODUCTS_DIR; };
		C0E3729F2A26322E001D0BF5 /* APIEndpoints.swift */ = {isa = PBXFileReference; fileEncoding = 4; lastKnownFileType = sourcecode.swift; path = APIEndpoints.swift; sourceTree = "<group>"; };
		C0E372A12A26322E001D0BF5 /* MoviesResponseDTO+Mapping.swift */ = {isa = PBXFileReference; fileEncoding = 4; lastKnownFileType = sourcecode.swift; path = "MoviesResponseDTO+Mapping.swift"; sourceTree = "<group>"; };
		C0E372A22A26322E001D0BF5 /* MoviesRequestDTO+Mapping.swift */ = {isa = PBXFileReference; fileEncoding = 4; lastKnownFileType = sourcecode.swift; path = "MoviesRequestDTO+Mapping.swift"; sourceTree = "<group>"; };
		C0E372A52A26322E001D0BF5 /* RepositoryTask.swift */ = {isa = PBXFileReference; fileEncoding = 4; lastKnownFileType = sourcecode.swift; path = RepositoryTask.swift; sourceTree = "<group>"; };
		C0E372A62A26322E001D0BF5 /* DefaultPosterImagesRepository.swift */ = {isa = PBXFileReference; fileEncoding = 4; lastKnownFileType = sourcecode.swift; path = DefaultPosterImagesRepository.swift; sourceTree = "<group>"; };
		C0E372A72A26322E001D0BF5 /* DefaultMoviesQueriesRepository.swift */ = {isa = PBXFileReference; fileEncoding = 4; lastKnownFileType = sourcecode.swift; path = DefaultMoviesQueriesRepository.swift; sourceTree = "<group>"; };
		C0E372A82A26322E001D0BF5 /* DefaultMoviesRepository.swift */ = {isa = PBXFileReference; fileEncoding = 4; lastKnownFileType = sourcecode.swift; path = DefaultMoviesRepository.swift; sourceTree = "<group>"; };
		C0E372AC2A26322E001D0BF5 /* MoviesResponseEntity+Mapping.swift */ = {isa = PBXFileReference; fileEncoding = 4; lastKnownFileType = sourcecode.swift; path = "MoviesResponseEntity+Mapping.swift"; sourceTree = "<group>"; };
		C0E372AD2A26322E001D0BF5 /* MoviesResponseStorage.swift */ = {isa = PBXFileReference; fileEncoding = 4; lastKnownFileType = sourcecode.swift; path = MoviesResponseStorage.swift; sourceTree = "<group>"; };
		C0E372AE2A26322E001D0BF5 /* CoreDataMoviesResponseStorage.swift */ = {isa = PBXFileReference; fileEncoding = 4; lastKnownFileType = sourcecode.swift; path = CoreDataMoviesResponseStorage.swift; sourceTree = "<group>"; };
		C0E372B12A26322E001D0BF5 /* CoreDataStorage 2.xcdatamodel */ = {isa = PBXFileReference; lastKnownFileType = wrapper.xcdatamodel; path = "CoreDataStorage 2.xcdatamodel"; sourceTree = "<group>"; };
		C0E372B22A26322E001D0BF5 /* CoreDataStorage.xcdatamodel */ = {isa = PBXFileReference; lastKnownFileType = wrapper.xcdatamodel; path = CoreDataStorage.xcdatamodel; sourceTree = "<group>"; };
		C0E372B32A26322E001D0BF5 /* CoreDataStorage.swift */ = {isa = PBXFileReference; fileEncoding = 4; lastKnownFileType = sourcecode.swift; path = CoreDataStorage.swift; sourceTree = "<group>"; };
		C0E372B72A26322E001D0BF5 /* MovieQueryUDS+Mapping.swift */ = {isa = PBXFileReference; fileEncoding = 4; lastKnownFileType = sourcecode.swift; path = "MovieQueryUDS+Mapping.swift"; sourceTree = "<group>"; };
		C0E372B82A26322E001D0BF5 /* UserDefaultsMoviesQueriesStorage.swift */ = {isa = PBXFileReference; fileEncoding = 4; lastKnownFileType = sourcecode.swift; path = UserDefaultsMoviesQueriesStorage.swift; sourceTree = "<group>"; };
		C0E372BB2A26322E001D0BF5 /* MovieQueryEntity+Mapping.swift */ = {isa = PBXFileReference; fileEncoding = 4; lastKnownFileType = sourcecode.swift; path = "MovieQueryEntity+Mapping.swift"; sourceTree = "<group>"; };
		C0E372BC2A26322E001D0BF5 /* CoreDataMoviesQueriesStorage.swift */ = {isa = PBXFileReference; fileEncoding = 4; lastKnownFileType = sourcecode.swift; path = CoreDataMoviesQueriesStorage.swift; sourceTree = "<group>"; };
		C0E372BD2A26322E001D0BF5 /* MoviesQueriesStorage.swift */ = {isa = PBXFileReference; fileEncoding = 4; lastKnownFileType = sourcecode.swift; path = MoviesQueriesStorage.swift; sourceTree = "<group>"; };
		C0E372C12A26322E001D0BF5 /* BlackStyleNavigationBarBehavior.swift */ = {isa = PBXFileReference; fileEncoding = 4; lastKnownFileType = sourcecode.swift; path = BlackStyleNavigationBarBehavior.swift; sourceTree = "<group>"; };
		C0E372C22A26322E001D0BF5 /* BackButtonEmptyTitleNavigationBarBehavior.swift */ = {isa = PBXFileReference; fileEncoding = 4; lastKnownFileType = sourcecode.swift; path = BackButtonEmptyTitleNavigationBarBehavior.swift; sourceTree = "<group>"; };
		C0E372C52A26322E001D0BF5 /* MoviesQueryListViewModel.swift */ = {isa = PBXFileReference; fileEncoding = 4; lastKnownFileType = sourcecode.swift; path = MoviesQueryListViewModel.swift; sourceTree = "<group>"; };
		C0E372C62A26322E001D0BF5 /* MoviesQueryListItemViewModel.swift */ = {isa = PBXFileReference; fileEncoding = 4; lastKnownFileType = sourcecode.swift; path = MoviesQueryListItemViewModel.swift; sourceTree = "<group>"; };
		C0E372CA2A26322E001D0BF5 /* MoviesQueriesItemCell.swift */ = {isa = PBXFileReference; fileEncoding = 4; lastKnownFileType = sourcecode.swift; path = MoviesQueriesItemCell.swift; sourceTree = "<group>"; };
		C0E372CB2A26322E001D0BF5 /* MoviesQueriesTableViewController.swift */ = {isa = PBXFileReference; fileEncoding = 4; lastKnownFileType = sourcecode.swift; path = MoviesQueriesTableViewController.swift; sourceTree = "<group>"; };
		C0E372CC2A26322E001D0BF5 /* MoviesQueriesTableViewController.storyboard */ = {isa = PBXFileReference; fileEncoding = 4; lastKnownFileType = file.storyboard; path = MoviesQueriesTableViewController.storyboard; sourceTree = "<group>"; };
		C0E372CE2A26322E001D0BF5 /* MoviesQueryListView.swift */ = {isa = PBXFileReference; fileEncoding = 4; lastKnownFileType = sourcecode.swift; path = MoviesQueryListView.swift; sourceTree = "<group>"; };
		C0E372D12A26322E001D0BF5 /* MovieDetailsViewModel.swift */ = {isa = PBXFileReference; fileEncoding = 4; lastKnownFileType = sourcecode.swift; path = MovieDetailsViewModel.swift; sourceTree = "<group>"; };
		C0E372D32A26322E001D0BF5 /* MovieDetailsViewController.swift */ = {isa = PBXFileReference; fileEncoding = 4; lastKnownFileType = sourcecode.swift; path = MovieDetailsViewController.swift; sourceTree = "<group>"; };
		C0E372D42A26322E001D0BF5 /* MovieDetailsViewController.storyboard */ = {isa = PBXFileReference; fileEncoding = 4; lastKnownFileType = file.storyboard; path = MovieDetailsViewController.storyboard; sourceTree = "<group>"; };
		C0E372D62A26322E001D0BF5 /* MoviesSearchFlowCoordinator.swift */ = {isa = PBXFileReference; fileEncoding = 4; lastKnownFileType = sourcecode.swift; path = MoviesSearchFlowCoordinator.swift; sourceTree = "<group>"; };
		C0E372D92A26322E001D0BF5 /* MoviesListViewModel.swift */ = {isa = PBXFileReference; fileEncoding = 4; lastKnownFileType = sourcecode.swift; path = MoviesListViewModel.swift; sourceTree = "<group>"; };
		C0E372DA2A26322E001D0BF5 /* MoviesListItemViewModel.swift */ = {isa = PBXFileReference; fileEncoding = 4; lastKnownFileType = sourcecode.swift; path = MoviesListItemViewModel.swift; sourceTree = "<group>"; };
		C0E372DC2A26322E001D0BF5 /* MoviesListViewController.storyboard */ = {isa = PBXFileReference; fileEncoding = 4; lastKnownFileType = file.storyboard; path = MoviesListViewController.storyboard; sourceTree = "<group>"; };
		C0E372DF2A26322E001D0BF5 /* MoviesListItemCell.swift */ = {isa = PBXFileReference; fileEncoding = 4; lastKnownFileType = sourcecode.swift; path = MoviesListItemCell.swift; sourceTree = "<group>"; };
		C0E372E02A26322E001D0BF5 /* MoviesListTableViewController.swift */ = {isa = PBXFileReference; fileEncoding = 4; lastKnownFileType = sourcecode.swift; path = MoviesListTableViewController.swift; sourceTree = "<group>"; };
		C0E372E12A26322E001D0BF5 /* MoviesListViewController.swift */ = {isa = PBXFileReference; fileEncoding = 4; lastKnownFileType = sourcecode.swift; path = MoviesListViewController.swift; sourceTree = "<group>"; };
		C0E372E32A26322E001D0BF5 /* AccessibilityIdentifier.swift */ = {isa = PBXFileReference; fileEncoding = 4; lastKnownFileType = sourcecode.swift; path = AccessibilityIdentifier.swift; sourceTree = "<group>"; };
		C0E372E52A26322E001D0BF5 /* CGSize+ScaledSize.swift */ = {isa = PBXFileReference; fileEncoding = 4; lastKnownFileType = sourcecode.swift; path = "CGSize+ScaledSize.swift"; sourceTree = "<group>"; };
		C0E372E62A26322E001D0BF5 /* UIViewController+AddChild.swift */ = {isa = PBXFileReference; fileEncoding = 4; lastKnownFileType = sourcecode.swift; path = "UIViewController+AddChild.swift"; sourceTree = "<group>"; };
		C0E372E72A26322E001D0BF5 /* DataTransferError+ConnectionError.swift */ = {isa = PBXFileReference; fileEncoding = 4; lastKnownFileType = sourcecode.swift; path = "DataTransferError+ConnectionError.swift"; sourceTree = "<group>"; };
		C0E372E82A26322E001D0BF5 /* UIViewController+AddBehaviors.swift */ = {isa = PBXFileReference; fileEncoding = 4; lastKnownFileType = sourcecode.swift; path = "UIViewController+AddBehaviors.swift"; sourceTree = "<group>"; };
		C0E372E92A26322E001D0BF5 /* UIViewController+ActivityIndicator.swift */ = {isa = PBXFileReference; fileEncoding = 4; lastKnownFileType = sourcecode.swift; path = "UIViewController+ActivityIndicator.swift"; sourceTree = "<group>"; };
		C0E372EA2A26322E001D0BF5 /* UIImageView+ImageSizeAfterAspectFit.swift */ = {isa = PBXFileReference; fileEncoding = 4; lastKnownFileType = sourcecode.swift; path = "UIImageView+ImageSizeAfterAspectFit.swift"; sourceTree = "<group>"; };
		C0E372EB2A26322E001D0BF5 /* Observable.swift */ = {isa = PBXFileReference; fileEncoding = 4; lastKnownFileType = sourcecode.swift; path = Observable.swift; sourceTree = "<group>"; };
		C0E372ED2A26322E001D0BF5 /* Alertable.swift */ = {isa = PBXFileReference; fileEncoding = 4; lastKnownFileType = sourcecode.swift; path = Alertable.swift; sourceTree = "<group>"; };
		C0E372EE2A26322E001D0BF5 /* StoryboardInstantiable.swift */ = {isa = PBXFileReference; fileEncoding = 4; lastKnownFileType = sourcecode.swift; path = StoryboardInstantiable.swift; sourceTree = "<group>"; };
		C0E372EF2A26322E001D0BF5 /* LoadingView.swift */ = {isa = PBXFileReference; fileEncoding = 4; lastKnownFileType = sourcecode.swift; path = LoadingView.swift; sourceTree = "<group>"; };
		C0E372F22A26322F001D0BF5 /* DataTransferService.swift */ = {isa = PBXFileReference; fileEncoding = 4; lastKnownFileType = sourcecode.swift; path = DataTransferService.swift; sourceTree = "<group>"; };
		C0E372F32A26322F001D0BF5 /* NetworkService.swift */ = {isa = PBXFileReference; fileEncoding = 4; lastKnownFileType = sourcecode.swift; path = NetworkService.swift; sourceTree = "<group>"; };
		C0E372F42A26322F001D0BF5 /* Endpoint.swift */ = {isa = PBXFileReference; fileEncoding = 4; lastKnownFileType = sourcecode.swift; path = Endpoint.swift; sourceTree = "<group>"; };
		C0E372F52A26322F001D0BF5 /* NetworkConfig.swift */ = {isa = PBXFileReference; fileEncoding = 4; lastKnownFileType = sourcecode.swift; path = NetworkConfig.swift; sourceTree = "<group>"; };
		C0E372F82A26322F001D0BF5 /* en */ = {isa = PBXFileReference; lastKnownFileType = text.plist.strings; name = en; path = en.lproj/Localizable.strings; sourceTree = "<group>"; };
		C0E372FA2A26322F001D0BF5 /* es */ = {isa = PBXFileReference; lastKnownFileType = text.plist.strings; name = es; path = es.lproj/LaunchScreen.strings; sourceTree = "<group>"; };
		C0E372FB2A26322F001D0BF5 /* es */ = {isa = PBXFileReference; lastKnownFileType = text.plist.strings; name = es; path = es.lproj/Localizable.strings; sourceTree = "<group>"; };
		C0E372FC2A26322F001D0BF5 /* Assets.xcassets */ = {isa = PBXFileReference; lastKnownFileType = folder.assetcatalog; path = Assets.xcassets; sourceTree = "<group>"; };
		C0E372FE2A26322F001D0BF5 /* Base */ = {isa = PBXFileReference; lastKnownFileType = file.storyboard; name = Base; path = Base.lproj/LaunchScreen.storyboard; sourceTree = "<group>"; };
		C0E372FF2A26322F001D0BF5 /* Info.plist */ = {isa = PBXFileReference; fileEncoding = 4; lastKnownFileType = text.plist.xml; path = Info.plist; sourceTree = "<group>"; };
		C0E373012A26322F001D0BF5 /* AppFlowCoordinator.swift */ = {isa = PBXFileReference; fileEncoding = 4; lastKnownFileType = sourcecode.swift; path = AppFlowCoordinator.swift; sourceTree = "<group>"; };
		C0E373022A26322F001D0BF5 /* AppAppearance.swift */ = {isa = PBXFileReference; fileEncoding = 4; lastKnownFileType = sourcecode.swift; path = AppAppearance.swift; sourceTree = "<group>"; };
		C0E373032A26322F001D0BF5 /* AppConfigurations.swift */ = {isa = PBXFileReference; fileEncoding = 4; lastKnownFileType = sourcecode.swift; path = AppConfigurations.swift; sourceTree = "<group>"; };
		C0E373052A26322F001D0BF5 /* MoviesSceneDIContainer.swift */ = {isa = PBXFileReference; fileEncoding = 4; lastKnownFileType = sourcecode.swift; path = MoviesSceneDIContainer.swift; sourceTree = "<group>"; };
		C0E373062A26322F001D0BF5 /* AppDIContainer.swift */ = {isa = PBXFileReference; fileEncoding = 4; lastKnownFileType = sourcecode.swift; path = AppDIContainer.swift; sourceTree = "<group>"; };
		C0E373072A26322F001D0BF5 /* AppDelegate.swift */ = {isa = PBXFileReference; fileEncoding = 4; lastKnownFileType = sourcecode.swift; path = AppDelegate.swift; sourceTree = "<group>"; };
		C0E373092A26322F001D0BF5 /* DispatchQueueType.swift */ = {isa = PBXFileReference; fileEncoding = 4; lastKnownFileType = sourcecode.swift; path = DispatchQueueType.swift; sourceTree = "<group>"; };
		C0E3730A2A26322F001D0BF5 /* ConnectionError.swift */ = {isa = PBXFileReference; fileEncoding = 4; lastKnownFileType = sourcecode.swift; path = ConnectionError.swift; sourceTree = "<group>"; };
		C0E3730B2A26322F001D0BF5 /* Cancellable.swift */ = {isa = PBXFileReference; fileEncoding = 4; lastKnownFileType = sourcecode.swift; path = Cancellable.swift; sourceTree = "<group>"; };
		C0E3730E2A26322F001D0BF5 /* FetchRecentMovieQueriesUseCase.swift */ = {isa = PBXFileReference; fileEncoding = 4; lastKnownFileType = sourcecode.swift; path = FetchRecentMovieQueriesUseCase.swift; sourceTree = "<group>"; };
		C0E373102A26322F001D0BF5 /* UseCase.swift */ = {isa = PBXFileReference; fileEncoding = 4; lastKnownFileType = sourcecode.swift; path = UseCase.swift; sourceTree = "<group>"; };
		C0E373112A26322F001D0BF5 /* SearchMoviesUseCase.swift */ = {isa = PBXFileReference; fileEncoding = 4; lastKnownFileType = sourcecode.swift; path = SearchMoviesUseCase.swift; sourceTree = "<group>"; };
		C0E373132A26322F001D0BF5 /* Movie.swift */ = {isa = PBXFileReference; fileEncoding = 4; lastKnownFileType = sourcecode.swift; path = Movie.swift; sourceTree = "<group>"; };
		C0E373142A26322F001D0BF5 /* MovieQuery.swift */ = {isa = PBXFileReference; fileEncoding = 4; lastKnownFileType = sourcecode.swift; path = MovieQuery.swift; sourceTree = "<group>"; };
		C0E373172A26322F001D0BF5 /* MoviesRepository.swift */ = {isa = PBXFileReference; fileEncoding = 4; lastKnownFileType = sourcecode.swift; path = MoviesRepository.swift; sourceTree = "<group>"; };
		C0E373182A26322F001D0BF5 /* MoviesQueriesRepository.swift */ = {isa = PBXFileReference; fileEncoding = 4; lastKnownFileType = sourcecode.swift; path = MoviesQueriesRepository.swift; sourceTree = "<group>"; };
		C0E373192A26322F001D0BF5 /* PosterImagesRepository.swift */ = {isa = PBXFileReference; fileEncoding = 4; lastKnownFileType = sourcecode.swift; path = PosterImagesRepository.swift; sourceTree = "<group>"; };
/* End PBXFileReference section */

/* Begin PBXFrameworksBuildPhase section */
		C0E372832A26320F001D0BF5 /* Frameworks */ = {
			isa = PBXFrameworksBuildPhase;
			buildActionMask = 2147483647;
			files = (
				3974CC6D2A683EBD00233F27 /* Then in Frameworks */,
				3974CC892A6FE99200233F27 /* SnapKit in Frameworks */,
			);
			runOnlyForDeploymentPostprocessing = 0;
		};
/* End PBXFrameworksBuildPhase section */

/* Begin PBXGroup section */
		394258452A62FB610070D956 /* BottomSheetView */ = {
			isa = PBXGroup;
			children = (
				394258432A62FB4E0070D956 /* BottomSheetViewController.swift */,
				3974CC832A6D72E900233F27 /* TabBarViewController.swift */,
			);
			path = BottomSheetView;
			sourceTree = "<group>";
		};
		3974CC792A6D399E00233F27 /* Color */ = {
			isa = PBXGroup;
			children = (
				3974CC7A2A6D39C200233F27 /* FromToColor.swift */,
			);
			path = Color;
			sourceTree = "<group>";
		};
		C0E3727D2A26320F001D0BF5 = {
			isa = PBXGroup;
			children = (
				C0E372882A26320F001D0BF5 /* fromto */,
				C0E372872A26320F001D0BF5 /* Products */,
			);
			sourceTree = "<group>";
		};
		C0E372872A26320F001D0BF5 /* Products */ = {
			isa = PBXGroup;
			children = (
				C0E372862A26320F001D0BF5 /* fromto.app */,
			);
			name = Products;
			sourceTree = "<group>";
		};
		C0E372882A26320F001D0BF5 /* fromto */ = {
			isa = PBXGroup;
			children = (
				C0E373002A26322F001D0BF5 /* Application */,
				C0E373082A26322F001D0BF5 /* Common */,
				C0E3729D2A26322E001D0BF5 /* Data */,
				C0E3730C2A26322F001D0BF5 /* Domain */,
				C0E372F02A26322F001D0BF5 /* Infrastructure */,
				C0E372BE2A26322E001D0BF5 /* Presentation */,
				C0E372F62A26322F001D0BF5 /* Resources */,
			);
			path = fromto;
			sourceTree = "<group>";
		};
		C0E3729D2A26322E001D0BF5 /* Data */ = {
			isa = PBXGroup;
			children = (
				C0E3729E2A26322E001D0BF5 /* Network */,
				C0E372A32A26322E001D0BF5 /* Repositories */,
				C0E372A92A26322E001D0BF5 /* PersistentStorages */,
			);
			path = Data;
			sourceTree = "<group>";
		};
		C0E3729E2A26322E001D0BF5 /* Network */ = {
			isa = PBXGroup;
			children = (
				C0E3729F2A26322E001D0BF5 /* APIEndpoints.swift */,
				C0E372A02A26322E001D0BF5 /* DataMapping */,
			);
			path = Network;
			sourceTree = "<group>";
		};
		C0E372A02A26322E001D0BF5 /* DataMapping */ = {
			isa = PBXGroup;
			children = (
				C0E372A12A26322E001D0BF5 /* MoviesResponseDTO+Mapping.swift */,
				C0E372A22A26322E001D0BF5 /* MoviesRequestDTO+Mapping.swift */,
			);
			path = DataMapping;
			sourceTree = "<group>";
		};
		C0E372A32A26322E001D0BF5 /* Repositories */ = {
			isa = PBXGroup;
			children = (
				C0E372A42A26322E001D0BF5 /* Utils */,
				C0E372A62A26322E001D0BF5 /* DefaultPosterImagesRepository.swift */,
				C0E372A72A26322E001D0BF5 /* DefaultMoviesQueriesRepository.swift */,
				C0E372A82A26322E001D0BF5 /* DefaultMoviesRepository.swift */,
			);
			path = Repositories;
			sourceTree = "<group>";
		};
		C0E372A42A26322E001D0BF5 /* Utils */ = {
			isa = PBXGroup;
			children = (
				C0E372A52A26322E001D0BF5 /* RepositoryTask.swift */,
			);
			path = Utils;
			sourceTree = "<group>";
		};
		C0E372A92A26322E001D0BF5 /* PersistentStorages */ = {
			isa = PBXGroup;
			children = (
				C0E372AA2A26322E001D0BF5 /* MoviesResponseStorage */,
				C0E372AF2A26322E001D0BF5 /* CoreDataStorage */,
				C0E372B42A26322E001D0BF5 /* MoviesQueriesStorage */,
			);
			path = PersistentStorages;
			sourceTree = "<group>";
		};
		C0E372AA2A26322E001D0BF5 /* MoviesResponseStorage */ = {
			isa = PBXGroup;
			children = (
				C0E372AB2A26322E001D0BF5 /* EntityMapping */,
				C0E372AD2A26322E001D0BF5 /* MoviesResponseStorage.swift */,
				C0E372AE2A26322E001D0BF5 /* CoreDataMoviesResponseStorage.swift */,
			);
			path = MoviesResponseStorage;
			sourceTree = "<group>";
		};
		C0E372AB2A26322E001D0BF5 /* EntityMapping */ = {
			isa = PBXGroup;
			children = (
				C0E372AC2A26322E001D0BF5 /* MoviesResponseEntity+Mapping.swift */,
			);
			path = EntityMapping;
			sourceTree = "<group>";
		};
		C0E372AF2A26322E001D0BF5 /* CoreDataStorage */ = {
			isa = PBXGroup;
			children = (
				C0E372B02A26322E001D0BF5 /* CoreDataStorage.xcdatamodeld */,
				C0E372B32A26322E001D0BF5 /* CoreDataStorage.swift */,
			);
			path = CoreDataStorage;
			sourceTree = "<group>";
		};
		C0E372B42A26322E001D0BF5 /* MoviesQueriesStorage */ = {
			isa = PBXGroup;
			children = (
				C0E372B52A26322E001D0BF5 /* UserDefaultsStorage */,
				C0E372B92A26322E001D0BF5 /* CoreDataStorage */,
				C0E372BD2A26322E001D0BF5 /* MoviesQueriesStorage.swift */,
			);
			path = MoviesQueriesStorage;
			sourceTree = "<group>";
		};
		C0E372B52A26322E001D0BF5 /* UserDefaultsStorage */ = {
			isa = PBXGroup;
			children = (
				C0E372B62A26322E001D0BF5 /* DataMapping */,
				C0E372B82A26322E001D0BF5 /* UserDefaultsMoviesQueriesStorage.swift */,
			);
			path = UserDefaultsStorage;
			sourceTree = "<group>";
		};
		C0E372B62A26322E001D0BF5 /* DataMapping */ = {
			isa = PBXGroup;
			children = (
				C0E372B72A26322E001D0BF5 /* MovieQueryUDS+Mapping.swift */,
			);
			path = DataMapping;
			sourceTree = "<group>";
		};
		C0E372B92A26322E001D0BF5 /* CoreDataStorage */ = {
			isa = PBXGroup;
			children = (
				C0E372BA2A26322E001D0BF5 /* EntityMapping */,
				C0E372BC2A26322E001D0BF5 /* CoreDataMoviesQueriesStorage.swift */,
			);
			path = CoreDataStorage;
			sourceTree = "<group>";
		};
		C0E372BA2A26322E001D0BF5 /* EntityMapping */ = {
			isa = PBXGroup;
			children = (
				C0E372BB2A26322E001D0BF5 /* MovieQueryEntity+Mapping.swift */,
			);
			path = EntityMapping;
			sourceTree = "<group>";
		};
		C0E372BE2A26322E001D0BF5 /* Presentation */ = {
			isa = PBXGroup;
			children = (
				C0E372BF2A26322E001D0BF5 /* MoviesScene */,
				C0E372E22A26322E001D0BF5 /* Utils */,
			);
			path = Presentation;
			sourceTree = "<group>";
		};
		C0E372BF2A26322E001D0BF5 /* MoviesScene */ = {
			isa = PBXGroup;
			children = (
				C0E372C02A26322E001D0BF5 /* Behaviors */,
				C0E372C32A26322E001D0BF5 /* MoviesQueriesList */,
				C0E372CF2A26322E001D0BF5 /* MovieDetails */,
				C0E372D52A26322E001D0BF5 /* Flows */,
				C0E372D72A26322E001D0BF5 /* MoviesList */,
			);
			path = MoviesScene;
			sourceTree = "<group>";
		};
		C0E372C02A26322E001D0BF5 /* Behaviors */ = {
			isa = PBXGroup;
			children = (
				C0E372C12A26322E001D0BF5 /* BlackStyleNavigationBarBehavior.swift */,
				C0E372C22A26322E001D0BF5 /* BackButtonEmptyTitleNavigationBarBehavior.swift */,
			);
			path = Behaviors;
			sourceTree = "<group>";
		};
		C0E372C32A26322E001D0BF5 /* MoviesQueriesList */ = {
			isa = PBXGroup;
			children = (
				C0E372C42A26322E001D0BF5 /* ViewModel */,
				C0E372C72A26322E001D0BF5 /* View */,
			);
			path = MoviesQueriesList;
			sourceTree = "<group>";
		};
		C0E372C42A26322E001D0BF5 /* ViewModel */ = {
			isa = PBXGroup;
			children = (
				C0E372C52A26322E001D0BF5 /* MoviesQueryListViewModel.swift */,
				C0E372C62A26322E001D0BF5 /* MoviesQueryListItemViewModel.swift */,
			);
			path = ViewModel;
			sourceTree = "<group>";
		};
		C0E372C72A26322E001D0BF5 /* View */ = {
			isa = PBXGroup;
			children = (
				C0E372C82A26322E001D0BF5 /* UIKit */,
				C0E372CD2A26322E001D0BF5 /* SwiftUI */,
			);
			path = View;
			sourceTree = "<group>";
		};
		C0E372C82A26322E001D0BF5 /* UIKit */ = {
			isa = PBXGroup;
			children = (
				C0E372C92A26322E001D0BF5 /* Cells */,
				C0E372CB2A26322E001D0BF5 /* MoviesQueriesTableViewController.swift */,
				C0E372CC2A26322E001D0BF5 /* MoviesQueriesTableViewController.storyboard */,
			);
			path = UIKit;
			sourceTree = "<group>";
		};
		C0E372C92A26322E001D0BF5 /* Cells */ = {
			isa = PBXGroup;
			children = (
				C0E372CA2A26322E001D0BF5 /* MoviesQueriesItemCell.swift */,
			);
			path = Cells;
			sourceTree = "<group>";
		};
		C0E372CD2A26322E001D0BF5 /* SwiftUI */ = {
			isa = PBXGroup;
			children = (
				C0E372CE2A26322E001D0BF5 /* MoviesQueryListView.swift */,
			);
			path = SwiftUI;
			sourceTree = "<group>";
		};
		C0E372CF2A26322E001D0BF5 /* MovieDetails */ = {
			isa = PBXGroup;
			children = (
				C0E372D02A26322E001D0BF5 /* ViewModel */,
				C0E372D22A26322E001D0BF5 /* View */,
			);
			path = MovieDetails;
			sourceTree = "<group>";
		};
		C0E372D02A26322E001D0BF5 /* ViewModel */ = {
			isa = PBXGroup;
			children = (
				C0E372D12A26322E001D0BF5 /* MovieDetailsViewModel.swift */,
			);
			path = ViewModel;
			sourceTree = "<group>";
		};
		C0E372D22A26322E001D0BF5 /* View */ = {
			isa = PBXGroup;
			children = (
				C0E372D32A26322E001D0BF5 /* MovieDetailsViewController.swift */,
				C0E372D42A26322E001D0BF5 /* MovieDetailsViewController.storyboard */,
			);
			path = View;
			sourceTree = "<group>";
		};
		C0E372D52A26322E001D0BF5 /* Flows */ = {
			isa = PBXGroup;
			children = (
				C0E372D62A26322E001D0BF5 /* MoviesSearchFlowCoordinator.swift */,
			);
			path = Flows;
			sourceTree = "<group>";
		};
		C0E372D72A26322E001D0BF5 /* MoviesList */ = {
			isa = PBXGroup;
			children = (
				C0E372D82A26322E001D0BF5 /* ViewModel */,
				C0E372DB2A26322E001D0BF5 /* View */,
			);
			path = MoviesList;
			sourceTree = "<group>";
		};
		C0E372D82A26322E001D0BF5 /* ViewModel */ = {
			isa = PBXGroup;
			children = (
				C0E372D92A26322E001D0BF5 /* MoviesListViewModel.swift */,
				C0E372DA2A26322E001D0BF5 /* MoviesListItemViewModel.swift */,
			);
			path = ViewModel;
			sourceTree = "<group>";
		};
		C0E372DB2A26322E001D0BF5 /* View */ = {
			isa = PBXGroup;
			children = (
				3974CC792A6D399E00233F27 /* Color */,
				394258452A62FB610070D956 /* BottomSheetView */,
				C0E372DC2A26322E001D0BF5 /* MoviesListViewController.storyboard */,
				C0E372DD2A26322E001D0BF5 /* MoviesListTableView */,
				C0E372E12A26322E001D0BF5 /* MoviesListViewController.swift */,
			);
			path = View;
			sourceTree = "<group>";
		};
		C0E372DD2A26322E001D0BF5 /* MoviesListTableView */ = {
			isa = PBXGroup;
			children = (
				C0E372DE2A26322E001D0BF5 /* Cells */,
				C0E372E02A26322E001D0BF5 /* MoviesListTableViewController.swift */,
			);
			path = MoviesListTableView;
			sourceTree = "<group>";
		};
		C0E372DE2A26322E001D0BF5 /* Cells */ = {
			isa = PBXGroup;
			children = (
				C0E372DF2A26322E001D0BF5 /* MoviesListItemCell.swift */,
			);
			path = Cells;
			sourceTree = "<group>";
		};
		C0E372E22A26322E001D0BF5 /* Utils */ = {
			isa = PBXGroup;
			children = (
				C0E372E32A26322E001D0BF5 /* AccessibilityIdentifier.swift */,
				C0E372E42A26322E001D0BF5 /* Extensions */,
				C0E372EB2A26322E001D0BF5 /* Observable.swift */,
				C0E372EC2A26322E001D0BF5 /* Protocols */,
				C0E372EF2A26322E001D0BF5 /* LoadingView.swift */,
			);
			path = Utils;
			sourceTree = "<group>";
		};
		C0E372E42A26322E001D0BF5 /* Extensions */ = {
			isa = PBXGroup;
			children = (
				C0E372E52A26322E001D0BF5 /* CGSize+ScaledSize.swift */,
				C0E372E62A26322E001D0BF5 /* UIViewController+AddChild.swift */,
				C0E372E72A26322E001D0BF5 /* DataTransferError+ConnectionError.swift */,
				C0E372E82A26322E001D0BF5 /* UIViewController+AddBehaviors.swift */,
				C0E372E92A26322E001D0BF5 /* UIViewController+ActivityIndicator.swift */,
				C0E372EA2A26322E001D0BF5 /* UIImageView+ImageSizeAfterAspectFit.swift */,
			);
			path = Extensions;
			sourceTree = "<group>";
		};
		C0E372EC2A26322E001D0BF5 /* Protocols */ = {
			isa = PBXGroup;
			children = (
				C0E372ED2A26322E001D0BF5 /* Alertable.swift */,
				C0E372EE2A26322E001D0BF5 /* StoryboardInstantiable.swift */,
			);
			path = Protocols;
			sourceTree = "<group>";
		};
		C0E372F02A26322F001D0BF5 /* Infrastructure */ = {
			isa = PBXGroup;
			children = (
				C0E372F12A26322F001D0BF5 /* Network */,
			);
			path = Infrastructure;
			sourceTree = "<group>";
		};
		C0E372F12A26322F001D0BF5 /* Network */ = {
			isa = PBXGroup;
			children = (
				C0E372F22A26322F001D0BF5 /* DataTransferService.swift */,
				C0E372F32A26322F001D0BF5 /* NetworkService.swift */,
				C0E372F42A26322F001D0BF5 /* Endpoint.swift */,
				C0E372F52A26322F001D0BF5 /* NetworkConfig.swift */,
			);
			path = Network;
			sourceTree = "<group>";
		};
		C0E372F62A26322F001D0BF5 /* Resources */ = {
			isa = PBXGroup;
			children = (
				C0E372F72A26322F001D0BF5 /* Localizable.strings */,
				C0E372F92A26322F001D0BF5 /* LaunchScreen.strings */,
				C0E372FC2A26322F001D0BF5 /* Assets.xcassets */,
				C0E372FD2A26322F001D0BF5 /* LaunchScreen.storyboard */,
				C0E372FF2A26322F001D0BF5 /* Info.plist */,
			);
			path = Resources;
			sourceTree = "<group>";
		};
		C0E373002A26322F001D0BF5 /* Application */ = {
			isa = PBXGroup;
			children = (
				C0E373012A26322F001D0BF5 /* AppFlowCoordinator.swift */,
				C0E373022A26322F001D0BF5 /* AppAppearance.swift */,
				C0E373032A26322F001D0BF5 /* AppConfigurations.swift */,
				C0E373042A26322F001D0BF5 /* DIContainer */,
				C0E373072A26322F001D0BF5 /* AppDelegate.swift */,
			);
			path = Application;
			sourceTree = "<group>";
		};
		C0E373042A26322F001D0BF5 /* DIContainer */ = {
			isa = PBXGroup;
			children = (
				C0E373052A26322F001D0BF5 /* MoviesSceneDIContainer.swift */,
				C0E373062A26322F001D0BF5 /* AppDIContainer.swift */,
			);
			path = DIContainer;
			sourceTree = "<group>";
		};
		C0E373082A26322F001D0BF5 /* Common */ = {
			isa = PBXGroup;
			children = (
				C0E373092A26322F001D0BF5 /* DispatchQueueType.swift */,
				C0E3730A2A26322F001D0BF5 /* ConnectionError.swift */,
				C0E3730B2A26322F001D0BF5 /* Cancellable.swift */,
			);
			path = Common;
			sourceTree = "<group>";
		};
		C0E3730C2A26322F001D0BF5 /* Domain */ = {
			isa = PBXGroup;
			children = (
				C0E3730D2A26322F001D0BF5 /* UseCases */,
				C0E373122A26322F001D0BF5 /* Entities */,
				C0E373152A26322F001D0BF5 /* Interfaces */,
			);
			path = Domain;
			sourceTree = "<group>";
		};
		C0E3730D2A26322F001D0BF5 /* UseCases */ = {
			isa = PBXGroup;
			children = (
				C0E3730E2A26322F001D0BF5 /* FetchRecentMovieQueriesUseCase.swift */,
				C0E3730F2A26322F001D0BF5 /* Protocol */,
				C0E373112A26322F001D0BF5 /* SearchMoviesUseCase.swift */,
			);
			path = UseCases;
			sourceTree = "<group>";
		};
		C0E3730F2A26322F001D0BF5 /* Protocol */ = {
			isa = PBXGroup;
			children = (
				C0E373102A26322F001D0BF5 /* UseCase.swift */,
			);
			path = Protocol;
			sourceTree = "<group>";
		};
		C0E373122A26322F001D0BF5 /* Entities */ = {
			isa = PBXGroup;
			children = (
				C0E373132A26322F001D0BF5 /* Movie.swift */,
				C0E373142A26322F001D0BF5 /* MovieQuery.swift */,
			);
			path = Entities;
			sourceTree = "<group>";
		};
		C0E373152A26322F001D0BF5 /* Interfaces */ = {
			isa = PBXGroup;
			children = (
				C0E373162A26322F001D0BF5 /* Repositories */,
			);
			path = Interfaces;
			sourceTree = "<group>";
		};
		C0E373162A26322F001D0BF5 /* Repositories */ = {
			isa = PBXGroup;
			children = (
				C0E373172A26322F001D0BF5 /* MoviesRepository.swift */,
				C0E373182A26322F001D0BF5 /* MoviesQueriesRepository.swift */,
				C0E373192A26322F001D0BF5 /* PosterImagesRepository.swift */,
			);
			path = Repositories;
			sourceTree = "<group>";
		};
/* End PBXGroup section */

/* Begin PBXNativeTarget section */
		C0E372852A26320F001D0BF5 /* fromto */ = {
			isa = PBXNativeTarget;
			buildConfigurationList = C0E3729A2A263210001D0BF5 /* Build configuration list for PBXNativeTarget "fromto" */;
			buildPhases = (
				C0E372822A26320F001D0BF5 /* Sources */,
				C0E372832A26320F001D0BF5 /* Frameworks */,
				C0E372842A26320F001D0BF5 /* Resources */,
			);
			buildRules = (
			);
			dependencies = (
			);
			name = fromto;
			packageProductDependencies = (
				3974CC6C2A683EBD00233F27 /* Then */,
				3974CC882A6FE99200233F27 /* SnapKit */,
			);
			productName = fromto;
			productReference = C0E372862A26320F001D0BF5 /* fromto.app */;
			productType = "com.apple.product-type.application";
		};
/* End PBXNativeTarget section */

/* Begin PBXProject section */
		C0E3727E2A26320F001D0BF5 /* Project object */ = {
			isa = PBXProject;
			attributes = {
				BuildIndependentTargetsInParallel = 1;
				LastSwiftUpdateCheck = 1430;
				LastUpgradeCheck = 1430;
				TargetAttributes = {
					C0E372852A26320F001D0BF5 = {
						CreatedOnToolsVersion = 14.3;
					};
				};
			};
			buildConfigurationList = C0E372812A26320F001D0BF5 /* Build configuration list for PBXProject "fromto" */;
			compatibilityVersion = "Xcode 14.0";
			developmentRegion = en;
			hasScannedForEncodings = 0;
			knownRegions = (
				en,
				Base,
				es,
			);
			mainGroup = C0E3727D2A26320F001D0BF5;
			packageReferences = (
				3974CC6B2A683EBD00233F27 /* XCRemoteSwiftPackageReference "Then" */,
				3974CC872A6FE99200233F27 /* XCRemoteSwiftPackageReference "SnapKit" */,
			);
			productRefGroup = C0E372872A26320F001D0BF5 /* Products */;
			projectDirPath = "";
			projectRoot = "";
			targets = (
				C0E372852A26320F001D0BF5 /* fromto */,
			);
		};
/* End PBXProject section */

/* Begin PBXResourcesBuildPhase section */
		C0E372842A26320F001D0BF5 /* Resources */ = {
			isa = PBXResourcesBuildPhase;
			buildActionMask = 2147483647;
			files = (
				C0E373392A26322F001D0BF5 /* MoviesListViewController.storyboard in Resources */,
				C0E3734F2A26322F001D0BF5 /* LaunchScreen.storyboard in Resources */,
				C0E3734C2A26322F001D0BF5 /* Localizable.strings in Resources */,
				C0E373312A26322F001D0BF5 /* MoviesQueriesTableViewController.storyboard in Resources */,
				C0E373352A26322F001D0BF5 /* MovieDetailsViewController.storyboard in Resources */,
				C0E3734E2A26322F001D0BF5 /* Assets.xcassets in Resources */,
			);
			runOnlyForDeploymentPostprocessing = 0;
		};
/* End PBXResourcesBuildPhase section */

/* Begin PBXSourcesBuildPhase section */
		C0E372822A26320F001D0BF5 /* Sources */ = {
			isa = PBXSourcesBuildPhase;
			buildActionMask = 2147483647;
			files = (
				C0E373332A26322F001D0BF5 /* MovieDetailsViewModel.swift in Sources */,
				C0E3735E2A26322F001D0BF5 /* MovieQuery.swift in Sources */,
				C0E373252A26322F001D0BF5 /* CoreDataStorage.swift in Sources */,
				C0E373382A26322F001D0BF5 /* MoviesListItemViewModel.swift in Sources */,
				C0E373522A26322F001D0BF5 /* AppAppearance.swift in Sources */,
				C0E373212A26322F001D0BF5 /* MoviesResponseEntity+Mapping.swift in Sources */,
				C0E3731F2A26322F001D0BF5 /* DefaultMoviesQueriesRepository.swift in Sources */,
				C0E373202A26322F001D0BF5 /* DefaultMoviesRepository.swift in Sources */,
				C0E3734A2A26322F001D0BF5 /* Endpoint.swift in Sources */,
				C0E3733C2A26322F001D0BF5 /* MoviesListViewController.swift in Sources */,
				C0E3732D2A26322F001D0BF5 /* MoviesQueryListViewModel.swift in Sources */,
				C0E373512A26322F001D0BF5 /* AppFlowCoordinator.swift in Sources */,
				C0E373602A26322F001D0BF5 /* MoviesQueriesRepository.swift in Sources */,
				C0E3731D2A26322F001D0BF5 /* RepositoryTask.swift in Sources */,
				C0E373492A26322F001D0BF5 /* NetworkService.swift in Sources */,
				C0E373412A26322F001D0BF5 /* UIViewController+AddBehaviors.swift in Sources */,
				C0E373222A26322F001D0BF5 /* MoviesResponseStorage.swift in Sources */,
				C0E373482A26322F001D0BF5 /* DataTransferService.swift in Sources */,
				C0E373242A26322F001D0BF5 /* CoreDataStorage.xcdatamodeld in Sources */,
				3974CC862A6FE5F900233F27 /* BaseViewController.swift in Sources */,
				C0E3732E2A26322F001D0BF5 /* MoviesQueryListItemViewModel.swift in Sources */,
				C0E373532A26322F001D0BF5 /* AppConfigurations.swift in Sources */,
				394258442A62FB4E0070D956 /* BottomSheetViewController.swift in Sources */,
				C0E373272A26322F001D0BF5 /* UserDefaultsMoviesQueriesStorage.swift in Sources */,
				C0E373322A26322F001D0BF5 /* MoviesQueryListView.swift in Sources */,
				C0E373552A26322F001D0BF5 /* AppDIContainer.swift in Sources */,
				C0E373282A26322F001D0BF5 /* MovieQueryEntity+Mapping.swift in Sources */,
				C0E3732B2A26322F001D0BF5 /* BlackStyleNavigationBarBehavior.swift in Sources */,
				C0E3735F2A26322F001D0BF5 /* MoviesRepository.swift in Sources */,
				C0E3732C2A26322F001D0BF5 /* BackButtonEmptyTitleNavigationBarBehavior.swift in Sources */,
				C0E3731C2A26322F001D0BF5 /* MoviesRequestDTO+Mapping.swift in Sources */,
				C0E373442A26322F001D0BF5 /* Observable.swift in Sources */,
				C0E373372A26322F001D0BF5 /* MoviesListViewModel.swift in Sources */,
				C0E373462A26322F001D0BF5 /* StoryboardInstantiable.swift in Sources */,
				C0E373612A26322F001D0BF5 /* PosterImagesRepository.swift in Sources */,
				C0E3733E2A26322F001D0BF5 /* CGSize+ScaledSize.swift in Sources */,
				C0E373562A26322F001D0BF5 /* AppDelegate.swift in Sources */,
				C0E373342A26322F001D0BF5 /* MovieDetailsViewController.swift in Sources */,
				C0E373422A26322F001D0BF5 /* UIViewController+ActivityIndicator.swift in Sources */,
				C0E373592A26322F001D0BF5 /* Cancellable.swift in Sources */,
				C0E3731B2A26322F001D0BF5 /* MoviesResponseDTO+Mapping.swift in Sources */,
				C0E373572A26322F001D0BF5 /* DispatchQueueType.swift in Sources */,
				C0E3731E2A26322F001D0BF5 /* DefaultPosterImagesRepository.swift in Sources */,
				3974CC7B2A6D39C200233F27 /* FromToColor.swift in Sources */,
				C0E3735C2A26322F001D0BF5 /* SearchMoviesUseCase.swift in Sources */,
				C0E3732F2A26322F001D0BF5 /* MoviesQueriesItemCell.swift in Sources */,
				C0E373452A26322F001D0BF5 /* Alertable.swift in Sources */,
				C0E373402A26322F001D0BF5 /* DataTransferError+ConnectionError.swift in Sources */,
				3974CC842A6D72E900233F27 /* TabBarViewController.swift in Sources */,
				C0E373582A26322F001D0BF5 /* ConnectionError.swift in Sources */,
				C0E373362A26322F001D0BF5 /* MoviesSearchFlowCoordinator.swift in Sources */,
				C0E3735A2A26322F001D0BF5 /* FetchRecentMovieQueriesUseCase.swift in Sources */,
				C0E373232A26322F001D0BF5 /* CoreDataMoviesResponseStorage.swift in Sources */,
				C0E3731A2A26322F001D0BF5 /* APIEndpoints.swift in Sources */,
				C0E373542A26322F001D0BF5 /* MoviesSceneDIContainer.swift in Sources */,
				C0E3733B2A26322F001D0BF5 /* MoviesListTableViewController.swift in Sources */,
				C0E3735B2A26322F001D0BF5 /* UseCase.swift in Sources */,
				C0E373432A26322F001D0BF5 /* UIImageView+ImageSizeAfterAspectFit.swift in Sources */,
				C0E373292A26322F001D0BF5 /* CoreDataMoviesQueriesStorage.swift in Sources */,
				C0E3733D2A26322F001D0BF5 /* AccessibilityIdentifier.swift in Sources */,
				C0E373302A26322F001D0BF5 /* MoviesQueriesTableViewController.swift in Sources */,
				C0E3735D2A26322F001D0BF5 /* Movie.swift in Sources */,
				C0E373262A26322F001D0BF5 /* MovieQueryUDS+Mapping.swift in Sources */,
				C0E3733F2A26322F001D0BF5 /* UIViewController+AddChild.swift in Sources */,
				C0E3734B2A26322F001D0BF5 /* NetworkConfig.swift in Sources */,
				C0E3732A2A26322F001D0BF5 /* MoviesQueriesStorage.swift in Sources */,
				C0E3733A2A26322F001D0BF5 /* MoviesListItemCell.swift in Sources */,
				C0E373472A26322F001D0BF5 /* LoadingView.swift in Sources */,
			);
			runOnlyForDeploymentPostprocessing = 0;
		};
/* End PBXSourcesBuildPhase section */

/* Begin PBXVariantGroup section */
		C0E372F72A26322F001D0BF5 /* Localizable.strings */ = {
			isa = PBXVariantGroup;
			children = (
				C0E372F82A26322F001D0BF5 /* en */,
				C0E372FB2A26322F001D0BF5 /* es */,
			);
			name = Localizable.strings;
			sourceTree = "<group>";
		};
		C0E372F92A26322F001D0BF5 /* LaunchScreen.strings */ = {
			isa = PBXVariantGroup;
			children = (
				C0E372FA2A26322F001D0BF5 /* es */,
			);
			name = LaunchScreen.strings;
			sourceTree = "<group>";
		};
		C0E372FD2A26322F001D0BF5 /* LaunchScreen.storyboard */ = {
			isa = PBXVariantGroup;
			children = (
				C0E372FE2A26322F001D0BF5 /* Base */,
			);
			name = LaunchScreen.storyboard;
			sourceTree = "<group>";
		};
/* End PBXVariantGroup section */

/* Begin XCBuildConfiguration section */
		C0E372982A263210001D0BF5 /* Debug */ = {
			isa = XCBuildConfiguration;
			buildSettings = {
				ALWAYS_SEARCH_USER_PATHS = NO;
				CLANG_ANALYZER_NONNULL = YES;
				CLANG_ANALYZER_NUMBER_OBJECT_CONVERSION = YES_AGGRESSIVE;
				CLANG_CXX_LANGUAGE_STANDARD = "gnu++20";
				CLANG_ENABLE_MODULES = YES;
				CLANG_ENABLE_OBJC_ARC = YES;
				CLANG_ENABLE_OBJC_WEAK = YES;
				CLANG_WARN_BLOCK_CAPTURE_AUTORELEASING = YES;
				CLANG_WARN_BOOL_CONVERSION = YES;
				CLANG_WARN_COMMA = YES;
				CLANG_WARN_CONSTANT_CONVERSION = YES;
				CLANG_WARN_DEPRECATED_OBJC_IMPLEMENTATIONS = YES;
				CLANG_WARN_DIRECT_OBJC_ISA_USAGE = YES_ERROR;
				CLANG_WARN_DOCUMENTATION_COMMENTS = YES;
				CLANG_WARN_EMPTY_BODY = YES;
				CLANG_WARN_ENUM_CONVERSION = YES;
				CLANG_WARN_INFINITE_RECURSION = YES;
				CLANG_WARN_INT_CONVERSION = YES;
				CLANG_WARN_NON_LITERAL_NULL_CONVERSION = YES;
				CLANG_WARN_OBJC_IMPLICIT_RETAIN_SELF = YES;
				CLANG_WARN_OBJC_LITERAL_CONVERSION = YES;
				CLANG_WARN_OBJC_ROOT_CLASS = YES_ERROR;
				CLANG_WARN_QUOTED_INCLUDE_IN_FRAMEWORK_HEADER = YES;
				CLANG_WARN_RANGE_LOOP_ANALYSIS = YES;
				CLANG_WARN_STRICT_PROTOTYPES = YES;
				CLANG_WARN_SUSPICIOUS_MOVE = YES;
				CLANG_WARN_UNGUARDED_AVAILABILITY = YES_AGGRESSIVE;
				CLANG_WARN_UNREACHABLE_CODE = YES;
				CLANG_WARN__DUPLICATE_METHOD_MATCH = YES;
				COPY_PHASE_STRIP = NO;
				DEBUG_INFORMATION_FORMAT = dwarf;
				ENABLE_STRICT_OBJC_MSGSEND = YES;
				ENABLE_TESTABILITY = YES;
				GCC_C_LANGUAGE_STANDARD = gnu11;
				GCC_DYNAMIC_NO_PIC = NO;
				GCC_NO_COMMON_BLOCKS = YES;
				GCC_OPTIMIZATION_LEVEL = 0;
				GCC_PREPROCESSOR_DEFINITIONS = (
					"DEBUG=1",
					"$(inherited)",
				);
				GCC_WARN_64_TO_32_BIT_CONVERSION = YES;
				GCC_WARN_ABOUT_RETURN_TYPE = YES_ERROR;
				GCC_WARN_UNDECLARED_SELECTOR = YES;
				GCC_WARN_UNINITIALIZED_AUTOS = YES_AGGRESSIVE;
				GCC_WARN_UNUSED_FUNCTION = YES;
				GCC_WARN_UNUSED_VARIABLE = YES;
				"INFOPLIST_FILE[sdk=*]" = "";
				IPHONEOS_DEPLOYMENT_TARGET = 16.4;
				MTL_ENABLE_DEBUG_INFO = INCLUDE_SOURCE;
				MTL_FAST_MATH = YES;
				ONLY_ACTIVE_ARCH = YES;
				SDKROOT = iphoneos;
				SWIFT_ACTIVE_COMPILATION_CONDITIONS = DEBUG;
				SWIFT_OPTIMIZATION_LEVEL = "-Onone";
			};
			name = Debug;
		};
		C0E372992A263210001D0BF5 /* Release */ = {
			isa = XCBuildConfiguration;
			buildSettings = {
				ALWAYS_SEARCH_USER_PATHS = NO;
				CLANG_ANALYZER_NONNULL = YES;
				CLANG_ANALYZER_NUMBER_OBJECT_CONVERSION = YES_AGGRESSIVE;
				CLANG_CXX_LANGUAGE_STANDARD = "gnu++20";
				CLANG_ENABLE_MODULES = YES;
				CLANG_ENABLE_OBJC_ARC = YES;
				CLANG_ENABLE_OBJC_WEAK = YES;
				CLANG_WARN_BLOCK_CAPTURE_AUTORELEASING = YES;
				CLANG_WARN_BOOL_CONVERSION = YES;
				CLANG_WARN_COMMA = YES;
				CLANG_WARN_CONSTANT_CONVERSION = YES;
				CLANG_WARN_DEPRECATED_OBJC_IMPLEMENTATIONS = YES;
				CLANG_WARN_DIRECT_OBJC_ISA_USAGE = YES_ERROR;
				CLANG_WARN_DOCUMENTATION_COMMENTS = YES;
				CLANG_WARN_EMPTY_BODY = YES;
				CLANG_WARN_ENUM_CONVERSION = YES;
				CLANG_WARN_INFINITE_RECURSION = YES;
				CLANG_WARN_INT_CONVERSION = YES;
				CLANG_WARN_NON_LITERAL_NULL_CONVERSION = YES;
				CLANG_WARN_OBJC_IMPLICIT_RETAIN_SELF = YES;
				CLANG_WARN_OBJC_LITERAL_CONVERSION = YES;
				CLANG_WARN_OBJC_ROOT_CLASS = YES_ERROR;
				CLANG_WARN_QUOTED_INCLUDE_IN_FRAMEWORK_HEADER = YES;
				CLANG_WARN_RANGE_LOOP_ANALYSIS = YES;
				CLANG_WARN_STRICT_PROTOTYPES = YES;
				CLANG_WARN_SUSPICIOUS_MOVE = YES;
				CLANG_WARN_UNGUARDED_AVAILABILITY = YES_AGGRESSIVE;
				CLANG_WARN_UNREACHABLE_CODE = YES;
				CLANG_WARN__DUPLICATE_METHOD_MATCH = YES;
				COPY_PHASE_STRIP = NO;
				DEBUG_INFORMATION_FORMAT = "dwarf-with-dsym";
				ENABLE_NS_ASSERTIONS = NO;
				ENABLE_STRICT_OBJC_MSGSEND = YES;
				GCC_C_LANGUAGE_STANDARD = gnu11;
				GCC_NO_COMMON_BLOCKS = YES;
				GCC_WARN_64_TO_32_BIT_CONVERSION = YES;
				GCC_WARN_ABOUT_RETURN_TYPE = YES_ERROR;
				GCC_WARN_UNDECLARED_SELECTOR = YES;
				GCC_WARN_UNINITIALIZED_AUTOS = YES_AGGRESSIVE;
				GCC_WARN_UNUSED_FUNCTION = YES;
				GCC_WARN_UNUSED_VARIABLE = YES;
				IPHONEOS_DEPLOYMENT_TARGET = 16.4;
				MTL_ENABLE_DEBUG_INFO = NO;
				MTL_FAST_MATH = YES;
				SDKROOT = iphoneos;
				SWIFT_COMPILATION_MODE = wholemodule;
				SWIFT_OPTIMIZATION_LEVEL = "-O";
				VALIDATE_PRODUCT = YES;
			};
			name = Release;
		};
		C0E3729B2A263210001D0BF5 /* Debug */ = {
			isa = XCBuildConfiguration;
			buildSettings = {
				API_BASE_URL = "http://api.themoviedb.org";
				API_KEY = 2696829a81b1b5827d515ff121700838;
				ASSETCATALOG_COMPILER_APPICON_NAME = AppIcon;
				CLANG_CXX_LIBRARY = "libc++";
				CODE_SIGN_STYLE = Automatic;
				CURRENT_PROJECT_VERSION = 1;
				DEVELOPMENT_TEAM = 7CQAR4CYZX;
				GENERATE_INFOPLIST_FILE = YES;
				IMAGE_BASE_URL = "http://image.tmdb.org";
				INFOPLIST_FILE = fromto/Resources/info.plist;
				INFOPLIST_KEY_UILaunchStoryboardName = LaunchScreen.storyboard;
				IPHONEOS_DEPLOYMENT_TARGET = 11.0;
				LD_RUNPATH_SEARCH_PATHS = (
					"$(inherited)",
					"@executable_path/Frameworks",
				);
				MARKETING_VERSION = 1.0;
				MTL_ENABLE_DEBUG_INFO = YES;
				PRODUCT_BUNDLE_IDENTIFIER = com.SungMinCho.fromto;
				PRODUCT_NAME = "$(TARGET_NAME)";
				SWIFT_VERSION = 5.0;
				TARGETED_DEVICE_FAMILY = "1,2";
			};
			name = Debug;
		};
		C0E3729C2A263210001D0BF5 /* Release */ = {
			isa = XCBuildConfiguration;
			buildSettings = {
				API_BASE_URL = "http://api.themoviedb.org";
				API_KEY = 2696829a81b1b5827d515ff121700838;
				ASSETCATALOG_COMPILER_APPICON_NAME = AppIcon;
				CLANG_CXX_LIBRARY = "libc++";
				CODE_SIGN_STYLE = Automatic;
				CURRENT_PROJECT_VERSION = 1;
				DEVELOPMENT_TEAM = 7CQAR4CYZX;
				GENERATE_INFOPLIST_FILE = YES;
				IMAGE_BASE_URL = "http://image.tmdb.org";
				INFOPLIST_FILE = fromto/Resources/info.plist;
				INFOPLIST_KEY_UILaunchStoryboardName = LaunchScreen.storyboard;
				IPHONEOS_DEPLOYMENT_TARGET = 11.0;
				LD_RUNPATH_SEARCH_PATHS = (
					"$(inherited)",
					"@executable_path/Frameworks",
				);
				MARKETING_VERSION = 1.0;
				PRODUCT_BUNDLE_IDENTIFIER = com.SungMinCho.fromto;
				PRODUCT_NAME = "$(TARGET_NAME)";
				SWIFT_VERSION = 5.0;
				TARGETED_DEVICE_FAMILY = "1,2";
			};
			name = Release;
		};
/* End XCBuildConfiguration section */

/* Begin XCConfigurationList section */
		C0E372812A26320F001D0BF5 /* Build configuration list for PBXProject "fromto" */ = {
			isa = XCConfigurationList;
			buildConfigurations = (
				C0E372982A263210001D0BF5 /* Debug */,
				C0E372992A263210001D0BF5 /* Release */,
			);
			defaultConfigurationIsVisible = 0;
			defaultConfigurationName = Release;
		};
		C0E3729A2A263210001D0BF5 /* Build configuration list for PBXNativeTarget "fromto" */ = {
			isa = XCConfigurationList;
			buildConfigurations = (
				C0E3729B2A263210001D0BF5 /* Debug */,
				C0E3729C2A263210001D0BF5 /* Release */,
			);
			defaultConfigurationIsVisible = 0;
			defaultConfigurationName = Release;
		};
/* End XCConfigurationList section */

/* Begin XCRemoteSwiftPackageReference section */
		3974CC6B2A683EBD00233F27 /* XCRemoteSwiftPackageReference "Then" */ = {
			isa = XCRemoteSwiftPackageReference;
			repositoryURL = "https://github.com/devxoul/Then";
			requirement = {
				kind = upToNextMajorVersion;
				minimumVersion = 2.0.0;
			};
		};
		3974CC872A6FE99200233F27 /* XCRemoteSwiftPackageReference "SnapKit" */ = {
			isa = XCRemoteSwiftPackageReference;
			repositoryURL = "https://github.com/SnapKit/SnapKit.git";
			requirement = {
				kind = upToNextMajorVersion;
				minimumVersion = 5.0.1;
			};
		};
/* End XCRemoteSwiftPackageReference section */

/* Begin XCSwiftPackageProductDependency section */
		3974CC6C2A683EBD00233F27 /* Then */ = {
			isa = XCSwiftPackageProductDependency;
			package = 3974CC6B2A683EBD00233F27 /* XCRemoteSwiftPackageReference "Then" */;
			productName = Then;
		};
		3974CC882A6FE99200233F27 /* SnapKit */ = {
			isa = XCSwiftPackageProductDependency;
			package = 3974CC872A6FE99200233F27 /* XCRemoteSwiftPackageReference "SnapKit" */;
			productName = SnapKit;
		};
/* End XCSwiftPackageProductDependency section */

/* Begin XCVersionGroup section */
		C0E372B02A26322E001D0BF5 /* CoreDataStorage.xcdatamodeld */ = {
			isa = XCVersionGroup;
			children = (
				C0E372B12A26322E001D0BF5 /* CoreDataStorage 2.xcdatamodel */,
				C0E372B22A26322E001D0BF5 /* CoreDataStorage.xcdatamodel */,
			);
			currentVersion = C0E372B12A26322E001D0BF5 /* CoreDataStorage 2.xcdatamodel */;
			path = CoreDataStorage.xcdatamodeld;
			sourceTree = "<group>";
			versionGroupType = wrapper.xcdatamodel;
		};
/* End XCVersionGroup section */
	};
	rootObject = C0E3727E2A26320F001D0BF5 /* Project object */;
}
